
Microsoft Visual Studio Solution File, Format Version 12.00
# Visual Studio 15
VisualStudioVersion = 15.0.27703.2047
MinimumVisualStudioVersion = 10.0.40219.1
Project("{FAE04EC0-301F-11D3-BF4B-00C04F79EFBC}") = "PhotonPackageParser", "PhotonPackageParser\PhotonPackageParser.csproj", "{78ADAD95-7E81-4BAF-B7FA-5A53C7857A8B}"
EndProject
Project("{FAE04EC0-301F-11D3-BF4B-00C04F79EFBC}") = "PhotonPackageParser.Example", "PhotonPackageParser.Example\PhotonPackageParser.Example.csproj", "{4A73912F-6450-4BB1-85D8-5571AAFB94F6}"
EndProject
Project("{FAE04EC0-301F-11D3-BF4B-00C04F79EFBC}") = "Photon", "Photon\Photon.csproj", "{391754C7-EE93-4651-9A4E-431EBF212FC1}"
EndProject
Global
	GlobalSection(SolutionConfigurationPlatforms) = preSolution
		Debug|Any CPU = Debug|Any CPU
		Release|Any CPU = Release|Any CPU
	EndGlobalSection
	GlobalSection(ProjectConfigurationPlatforms) = postSolution
		{78ADAD95-7E81-4BAF-B7FA-5A53C7857A8B}.Debug|Any CPU.ActiveCfg = Debug|Any CPU
		{78ADAD95-7E81-4BAF-B7FA-5A53C7857A8B}.Debug|Any CPU.Build.0 = Debug|Any CPU
		{78ADAD95-7E81-4BAF-B7FA-5A53C7857A8B}.Release|Any CPU.ActiveCfg = Release|Any CPU
		{78ADAD95-7E81-4BAF-B7FA-5A53C7857A8B}.Release|Any CPU.Build.0 = Release|Any CPU
		{4A73912F-6450-4BB1-85D8-5571AAFB94F6}.Debug|Any CPU.ActiveCfg = Debug|Any CPU
		{4A73912F-6450-4BB1-85D8-5571AAFB94F6}.Debug|Any CPU.Build.0 = Debug|Any CPU
		{4A73912F-6450-4BB1-85D8-5571AAFB94F6}.Release|Any CPU.ActiveCfg = Release|Any CPU
		{4A73912F-6450-4BB1-85D8-5571AAFB94F6}.Release|Any CPU.Build.0 = Release|Any CPU
		{391754C7-EE93-4651-9A4E-431EBF212FC1}.Debug|Any CPU.ActiveCfg = Debug|Any CPU
		{391754C7-EE93-4651-9A4E-431EBF212FC1}.Debug|Any CPU.Build.0 = Debug|Any CPU
		{391754C7-EE93-4651-9A4E-431EBF212FC1}.Release|Any CPU.ActiveCfg = Release|Any CPU
		{391754C7-EE93-4651-9A4E-431EBF212FC1}.Release|Any CPU.Build.0 = Release|Any CPU
	EndGlobalSection
	GlobalSection(SolutionProperties) = preSolution
		HideSolutionNode = FALSE
	EndGlobalSection
	GlobalSection(ExtensibilityGlobals) = postSolution
		SolutionGuid = {E5474B28-DFF7-4FE3-AC14-F97A05B9E661}
	EndGlobalSection
EndGlobal
