
Microsoft Visual Studio Solution File, Format Version 12.00
# Visual Studio Version 16
VisualStudioVersion = 16.0.30413.136
MinimumVisualStudioVersion = 10.0.40219.1
Project("{FAE04EC0-301F-11D3-BF4B-00C04F79EFBC}") = "PhotonPackageParser.Example", "PhotonPackageParser.Example\PhotonPackageParser.Example.csproj", "{4A73912F-6450-4BB1-85D8-5571AAFB94F6}"
EndProject
Project("{FAE04EC0-301F-11D3-BF4B-00C04F79EFBC}") = "PhotonPackageParser", "PhotonPackageParser\PhotonPackageParser.csproj", "{F5C56CBB-25DC-41CF-8E99-FA19AA241FB9}"
EndProject
Project("{FAE04EC0-301F-11D3-BF4B-00C04F79EFBC}") = "Protocol16", "Protocol16\Protocol16.csproj", "{766EF179-605B-403B-839E-5F0858E2284B}"
EndProject
Project("{FAE04EC0-301F-11D3-BF4B-00C04F79EFBC}") = "Protocol16.Tests", "Protocol16.Tests\Protocol16.Tests.csproj", "{9013BA69-AC7C-4BA5-B1AF-B559F6DEE218}"
EndProject
Global
	GlobalSection(SolutionConfigurationPlatforms) = preSolution
		Debug|Any CPU = Debug|Any CPU
		Release|Any CPU = Release|Any CPU
	EndGlobalSection
	GlobalSection(ProjectConfigurationPlatforms) = postSolution
		{4A73912F-6450-4BB1-85D8-5571AAFB94F6}.Debug|Any CPU.ActiveCfg = Debug|Any CPU
		{4A73912F-6450-4BB1-85D8-5571AAFB94F6}.Debug|Any CPU.Build.0 = Debug|Any CPU
		{4A73912F-6450-4BB1-85D8-5571AAFB94F6}.Release|Any CPU.ActiveCfg = Release|Any CPU
		{4A73912F-6450-4BB1-85D8-5571AAFB94F6}.Release|Any CPU.Build.0 = Release|Any CPU
		{F5C56CBB-25DC-41CF-8E99-FA19AA241FB9}.Debug|Any CPU.ActiveCfg = Debug|Any CPU
		{F5C56CBB-25DC-41CF-8E99-FA19AA241FB9}.Debug|Any CPU.Build.0 = Debug|Any CPU
		{F5C56CBB-25DC-41CF-8E99-FA19AA241FB9}.Release|Any CPU.ActiveCfg = Release|Any CPU
		{F5C56CBB-25DC-41CF-8E99-FA19AA241FB9}.Release|Any CPU.Build.0 = Release|Any CPU
		{766EF179-605B-403B-839E-5F0858E2284B}.Debug|Any CPU.ActiveCfg = Debug|Any CPU
		{766EF179-605B-403B-839E-5F0858E2284B}.Debug|Any CPU.Build.0 = Debug|Any CPU
		{766EF179-605B-403B-839E-5F0858E2284B}.Release|Any CPU.ActiveCfg = Release|Any CPU
		{766EF179-605B-403B-839E-5F0858E2284B}.Release|Any CPU.Build.0 = Release|Any CPU
		{9013BA69-AC7C-4BA5-B1AF-B559F6DEE218}.Debug|Any CPU.ActiveCfg = Debug|Any CPU
		{9013BA69-AC7C-4BA5-B1AF-B559F6DEE218}.Debug|Any CPU.Build.0 = Debug|Any CPU
		{9013BA69-AC7C-4BA5-B1AF-B559F6DEE218}.Release|Any CPU.ActiveCfg = Release|Any CPU
		{9013BA69-AC7C-4BA5-B1AF-B559F6DEE218}.Release|Any CPU.Build.0 = Release|Any CPU
	EndGlobalSection
	GlobalSection(SolutionProperties) = preSolution
		HideSolutionNode = FALSE
	EndGlobalSection
	GlobalSection(ExtensibilityGlobals) = postSolution
		SolutionGuid = {E5474B28-DFF7-4FE3-AC14-F97A05B9E661}
	EndGlobalSection
EndGlobal
